PODS:
  - YYBundle (1.0.0):
    - YYBundle/BundleInterface (= 1.0.0)
    - YYBundle/BundleManager (= 1.0.0)
  - YYBundle/BundleInterface (1.0.0)
  - YYBundle/BundleManager (1.0.0):
    - YYBundle/BundleInterface

DEPENDENCIES:
  - YYBundle (from `../`)

EXTERNAL SOURCES:
  YYBundle:
    :path: "../"

SPEC CHECKSUMS:
  YYBundle: bedc304e066608e791e42b95bceca87ab83ecc06

PODFILE CHECKSUM: bc1c64c440b58c9a804dea2fad19e1351ad83f4c

COCOAPODS: 1.8.0
