PODS:
  - YYBundle (0.1.0):
    - YYBundle/BundleInterface (= 0.1.0)
    - YYBundle/BundleManager (= 0.1.0)
  - YYBundle/BundleInterface (0.1.0)
  - YYBundle/BundleManager (0.1.0)

DEPENDENCIES:
  - YYBundle (from `../`)

EXTERNAL SOURCES:
  YYBundle:
    :path: "../"

SPEC CHECKSUMS:
  YYBundle: 213d19cef6aa436ab37320aee5746c332b6c0b6a

PODFILE CHECKSUM: bc1c64c440b58c9a804dea2fad19e1351ad83f4c

COCOAPODS: 1.8.0
